{
  "requires": true,
  "lockfileVersion": 1,
  "dependencies": {
    "@types/parse-unit": {
      "version": "1.0.1",
      "resolved": "https://registry.npmjs.org/@types/parse-unit/-/parse-unit-1.0.1.tgz",
      "integrity": "sha512-p6QazF9lsJKxD+l/jcPQSGthgFbtKQuNSOH48zdPCnItg2qrvKGwaDd5KRmdsC/qmJ20zGafQ/VzNtIfi7AfiA==",
      "dev": true
    },
    "parse-unit": {
      "version": "1.0.1",
      "resolved": "https://registry.npmjs.org/parse-unit/-/parse-unit-1.0.1.tgz",
      "integrity": "sha1-fhu21b7zh0wo45JSaiVBFwKR7s8=",
      "dev": true
    },
    "tailwindcss-font-inter": {
      "version": "3.0.1",
      "resolved": "https://registry.npmjs.org/tailwindcss-font-inter/-/tailwindcss-font-inter-3.0.1.tgz",
      "integrity": "sha512-wN0uIB+OzQk8ItqFoEl/eQM4H05AgNbqlI++IDb5B4Fqz8imee2dJAy85jyARwTUUouMwdwdBjx7yxXf22CyCg==",
      "dev": true,
      "requires": {
        "@types/parse-unit": "^1.0.1",
        "parse-unit": "^1.0.1"
      }
    }
  }
}
