{
  "requires": true,
  "lockfileVersion": 1,
  "dependencies": {
    "@types/parse-unit": {
      "version": "1.0.1",
      "resolved": "https://registry.npmjs.org/@types/parse-unit/-/parse-unit-1.0.1.tgz",
      "integrity": "sha512-p6QazF9lsJKxD+l/jcPQSGthgFbtKQuNSOH48zdPCnItg2qrvKGwaDd5KRmdsC/qmJ20zGafQ/VzNtIfi7AfiA==",
      "dev": true
    },
    "eventemitter3": {
      "version": "4.0.7",
      "resolved": "https://registry.npmjs.org/eventemitter3/-/eventemitter3-4.0.7.tgz",
      "integrity": "sha512-8guHBZCwKnFhYdHr2ysuRWErTwhoN2X8XELRlrRwpmfeY2jjuUN4taQMsULKUVo1K4DvZl+0pgfyoysHxvmvEw=="
    },
    "konva": {
      "version": "8.4.2",
      "resolved": "https://registry.npmjs.org/konva/-/konva-8.4.2.tgz",
      "integrity": "sha512-4VQcrgj/PI8ydJjtLcTuinHBE8o0WGX0YoRwbiN5mpYQiC52aOzJ0XbpKNDJdRvORQphK5LP+jeM0hQJEYIuUA=="
    },
    "luxon": {
      "version": "3.2.1",
      "resolved": "https://registry.npmjs.org/luxon/-/luxon-3.2.1.tgz",
      "integrity": "sha512-QrwPArQCNLAKGO/C+ZIilgIuDnEnKx5QYODdDtbFaxzsbZcc/a7WFq7MhsVYgRlwawLtvOUESTlfJ+hc/USqPg=="
    },
    "parse-unit": {
      "version": "1.0.1",
      "resolved": "https://registry.npmjs.org/parse-unit/-/parse-unit-1.0.1.tgz",
      "integrity": "sha1-fhu21b7zh0wo45JSaiVBFwKR7s8=",
      "dev": true
    },
    "peaks.js": {
      "version": "2.1.0",
      "resolved": "https://registry.npmjs.org/peaks.js/-/peaks.js-2.1.0.tgz",
      "integrity": "sha512-oWsqrHckPv9w1yXIciX81kVXPZSFifGhETmR1bLFbV7KlqPRCYvLVaTpHc6Nl+Ogps0BMRvCnrQLEYCWBKA0uA==",
      "requires": {
        "eventemitter3": "~4.0.7"
      }
    },
    "recordrtc": {
      "version": "5.6.2",
      "resolved": "https://registry.npmjs.org/recordrtc/-/recordrtc-5.6.2.tgz",
      "integrity": "sha512-1QNKKNtl7+KcwD1lyOgP3ZlbiJ1d0HtXnypUy7yq49xEERxk31PHvE9RCciDrulPCY7WJ+oz0R9hpNxgsIurGQ=="
    },
    "tailwindcss-font-inter": {
      "version": "3.0.1",
      "resolved": "https://registry.npmjs.org/tailwindcss-font-inter/-/tailwindcss-font-inter-3.0.1.tgz",
      "integrity": "sha512-wN0uIB+OzQk8ItqFoEl/eQM4H05AgNbqlI++IDb5B4Fqz8imee2dJAy85jyARwTUUouMwdwdBjx7yxXf22CyCg==",
      "dev": true,
      "requires": {
        "@types/parse-unit": "^1.0.1",
        "parse-unit": "^1.0.1"
      }
    },
    "waveform-data": {
      "version": "4.3.0",
      "resolved": "https://registry.npmjs.org/waveform-data/-/waveform-data-4.3.0.tgz",
      "integrity": "sha512-gddZgTV1dM8Mfaqn+mCJjwTAc7O/GbX2LgOrijRCHEGC60ZVdd/qTzrgEcCE5MfBoBPgwQ85huy1icSf5IZY5Q=="
    }
  }
}
